// !$*UTF8*$!
{
	archiveVersion = 1;
	classes = {
	};
	objectVersion = 56;
	objects = {

/* Begin PBXBuildFile section */
		4652469C29F5DD9700DF117C /* Info.plist in Resources */ = {isa = PBXBuildFile; fileRef = 4652469B29F5DD9700DF117C /* Info.plist */; };
		46AD3CD029F4DF3B00BE3A01 /* UILoggerApp.swift in Sources */ = {isa = PBXBuildFile; fileRef = 46AD3CCF29F4DF3B00BE3A01 /* UILoggerApp.swift */; };
		46AD3CD229F4DF3B00BE3A01 /* PortSelection.swift in Sources */ = {isa = PBXBuildFile; fileRef = 46AD3CD129F4DF3B00BE3A01 /* PortSelection.swift */; };
		46AD3CD429F4DF3D00BE3A01 /* Assets.xcassets in Resources */ = {isa = PBXBuildFile; fileRef = 46AD3CD329F4DF3D00BE3A01 /* Assets.xcassets */; };
		46AD3CE029F4DFE700BE3A01 /* SocketIO in Frameworks */ = {isa = PBXBuildFile; productRef = 46AD3CDF29F4DFE700BE3A01 /* SocketIO */; };
		46AD3CE929F4E5C500BE3A01 /* JSONParser.swift in Sources */ = {isa = PBXBuildFile; fileRef = 46AD3CE829F4E5C500BE3A01 /* JSONParser.swift */; };
		46AD3CEB29F4E5D700BE3A01 /* TreeNode.swift in Sources */ = {isa = PBXBuildFile; fileRef = 46AD3CEA29F4E5D700BE3A01 /* TreeNode.swift */; };
		46AD3CEE29F4E5F900BE3A01 /* JSONTreeView.swift in Sources */ = {isa = PBXBuildFile; fileRef = 46AD3CED29F4E5F900BE3A01 /* JSONTreeView.swift */; };
		46AD3CF229F513AF00BE3A01 /* WebServer.swift in Sources */ = {isa = PBXBuildFile; fileRef = 46AD3CF129F513AF00BE3A01 /* WebServer.swift */; };
		46AD3CF629F51C0D00BE3A01 /* LogStore.swift in Sources */ = {isa = PBXBuildFile; fileRef = 46AD3CF529F51C0D00BE3A01 /* LogStore.swift */; };
		46AD3CF929F5242700BE3A01 /* Bundle+Ext.swift in Sources */ = {isa = PBXBuildFile; fileRef = 46AD3CF829F5242700BE3A01 /* Bundle+Ext.swift */; };
		46AD3CFD29F524E400BE3A01 /* Device.swift in Sources */ = {isa = PBXBuildFile; fileRef = 46AD3CFC29F524E400BE3A01 /* Device.swift */; };
		46AD3CFF29F524F300BE3A01 /* LogModel.swift in Sources */ = {isa = PBXBuildFile; fileRef = 46AD3CFE29F524F300BE3A01 /* LogModel.swift */; };
		46AD3D0329F52D0800BE3A01 /* LogsView.swift in Sources */ = {isa = PBXBuildFile; fileRef = 46AD3D0229F52D0800BE3A01 /* LogsView.swift */; };
		46AD3D0529F5961C00BE3A01 /* DeviceLogView.swift in Sources */ = {isa = PBXBuildFile; fileRef = 46AD3D0429F5961C00BE3A01 /* DeviceLogView.swift */; };
/* End PBXBuildFile section */

/* Begin PBXFileReference section */
		4652469B29F5DD9700DF117C /* Info.plist */ = {isa = PBXFileReference; fileEncoding = 4; lastKnownFileType = text.plist.xml; path = Info.plist; sourceTree = "<group>"; };
		46AD3CCC29F4DF3B00BE3A01 /* UILogger.app */ = {isa = PBXFileReference; explicitFileType = wrapper.application; includeInIndex = 0; path = UILogger.app; sourceTree = BUILT_PRODUCTS_DIR; };
		46AD3CCF29F4DF3B00BE3A01 /* UILoggerApp.swift */ = {isa = PBXFileReference; lastKnownFileType = sourcecode.swift; path = UILoggerApp.swift; sourceTree = "<group>"; };
		46AD3CD129F4DF3B00BE3A01 /* PortSelection.swift */ = {isa = PBXFileReference; lastKnownFileType = sourcecode.swift; path = PortSelection.swift; sourceTree = "<group>"; };
		46AD3CD329F4DF3D00BE3A01 /* Assets.xcassets */ = {isa = PBXFileReference; lastKnownFileType = folder.assetcatalog; path = Assets.xcassets; sourceTree = "<group>"; };
		46AD3CD829F4DF3D00BE3A01 /* UILogger.entitlements */ = {isa = PBXFileReference; lastKnownFileType = text.plist.entitlements; path = UILogger.entitlements; sourceTree = "<group>"; };
		46AD3CE829F4E5C500BE3A01 /* JSONParser.swift */ = {isa = PBXFileReference; lastKnownFileType = sourcecode.swift; path = JSONParser.swift; sourceTree = "<group>"; };
		46AD3CEA29F4E5D700BE3A01 /* TreeNode.swift */ = {isa = PBXFileReference; lastKnownFileType = sourcecode.swift; path = TreeNode.swift; sourceTree = "<group>"; };
		46AD3CED29F4E5F900BE3A01 /* JSONTreeView.swift */ = {isa = PBXFileReference; lastKnownFileType = sourcecode.swift; path = JSONTreeView.swift; sourceTree = "<group>"; };
		46AD3CF129F513AF00BE3A01 /* WebServer.swift */ = {isa = PBXFileReference; lastKnownFileType = sourcecode.swift; path = WebServer.swift; sourceTree = "<group>"; };
		46AD3CF529F51C0D00BE3A01 /* LogStore.swift */ = {isa = PBXFileReference; lastKnownFileType = sourcecode.swift; path = LogStore.swift; sourceTree = "<group>"; };
		46AD3CF829F5242700BE3A01 /* Bundle+Ext.swift */ = {isa = PBXFileReference; lastKnownFileType = sourcecode.swift; path = "Bundle+Ext.swift"; sourceTree = "<group>"; };
		46AD3CFC29F524E400BE3A01 /* Device.swift */ = {isa = PBXFileReference; lastKnownFileType = sourcecode.swift; path = Device.swift; sourceTree = "<group>"; };
		46AD3CFE29F524F300BE3A01 /* LogModel.swift */ = {isa = PBXFileReference; lastKnownFileType = sourcecode.swift; path = LogModel.swift; sourceTree = "<group>"; };
		46AD3D0229F52D0800BE3A01 /* LogsView.swift */ = {isa = PBXFileReference; lastKnownFileType = sourcecode.swift; path = LogsView.swift; sourceTree = "<group>"; };
		46AD3D0429F5961C00BE3A01 /* DeviceLogView.swift */ = {isa = PBXFileReference; lastKnownFileType = sourcecode.swift; path = DeviceLogView.swift; sourceTree = "<group>"; };
/* End PBXFileReference section */

/* Begin PBXFrameworksBuildPhase section */
		46AD3CC929F4DF3B00BE3A01 /* Frameworks */ = {
			isa = PBXFrameworksBuildPhase;
			buildActionMask = 2147483647;
			files = (
				46AD3CE029F4DFE700BE3A01 /* SocketIO in Frameworks */,
			);
			runOnlyForDeploymentPostprocessing = 0;
		};
/* End PBXFrameworksBuildPhase section */

/* Begin PBXGroup section */
		46AD3CC329F4DF3B00BE3A01 = {
			isa = PBXGroup;
			children = (
				46AD3CCE29F4DF3B00BE3A01 /* UILogger */,
				46AD3CCD29F4DF3B00BE3A01 /* Products */,
			);
			sourceTree = "<group>";
		};
		46AD3CCD29F4DF3B00BE3A01 /* Products */ = {
			isa = PBXGroup;
			children = (
				46AD3CCC29F4DF3B00BE3A01 /* UILogger.app */,
			);
			name = Products;
			sourceTree = "<group>";
		};
		46AD3CCE29F4DF3B00BE3A01 /* UILogger */ = {
			isa = PBXGroup;
			children = (
				4652469B29F5DD9700DF117C /* Info.plist */,
				46AD3CFB29F524D200BE3A01 /* Models */,
				46AD3CFA29F524C700BE3A01 /* WebServer */,
				46AD3CF729F5241B00BE3A01 /* Extensions */,
				46AD3CE729F4E5AF00BE3A01 /* Helpers */,
				46AD3CE129F4E03900BE3A01 /* Application */,
				46AD3CD329F4DF3D00BE3A01 /* Assets.xcassets */,
				46AD3CD829F4DF3D00BE3A01 /* UILogger.entitlements */,
			);
			path = UILogger;
			sourceTree = "<group>";
		};
		46AD3CE129F4E03900BE3A01 /* Application */ = {
			isa = PBXGroup;
			children = (
				46AD3D0129F52CD600BE3A01 /* Views */,
				46AD3D0029F52CB500BE3A01 /* Core */,
				46AD3CEC29F4E5EE00BE3A01 /* Components */,
			);
			path = Application;
			sourceTree = "<group>";
		};
		46AD3CE729F4E5AF00BE3A01 /* Helpers */ = {
			isa = PBXGroup;
			children = (
				46AD3CE829F4E5C500BE3A01 /* JSONParser.swift */,
				46AD3CF529F51C0D00BE3A01 /* LogStore.swift */,
			);
			path = Helpers;
			sourceTree = "<group>";
		};
		46AD3CEC29F4E5EE00BE3A01 /* Components */ = {
			isa = PBXGroup;
			children = (
				46AD3CED29F4E5F900BE3A01 /* JSONTreeView.swift */,
				46AD3D0429F5961C00BE3A01 /* DeviceLogView.swift */,
			);
			path = Components;
			sourceTree = "<group>";
		};
		46AD3CF729F5241B00BE3A01 /* Extensions */ = {
			isa = PBXGroup;
			children = (
				46AD3CF829F5242700BE3A01 /* Bundle+Ext.swift */,
			);
			path = Extensions;
			sourceTree = "<group>";
		};
		46AD3CFA29F524C700BE3A01 /* WebServer */ = {
			isa = PBXGroup;
			children = (
				46AD3CF129F513AF00BE3A01 /* WebServer.swift */,
			);
			path = WebServer;
			sourceTree = "<group>";
		};
		46AD3CFB29F524D200BE3A01 /* Models */ = {
			isa = PBXGroup;
			children = (
				46AD3CEA29F4E5D700BE3A01 /* TreeNode.swift */,
				46AD3CFC29F524E400BE3A01 /* Device.swift */,
				46AD3CFE29F524F300BE3A01 /* LogModel.swift */,
			);
			path = Models;
			sourceTree = "<group>";
		};
		46AD3D0029F52CB500BE3A01 /* Core */ = {
			isa = PBXGroup;
			children = (
				46AD3CCF29F4DF3B00BE3A01 /* UILoggerApp.swift */,
			);
			path = Core;
			sourceTree = "<group>";
		};
		46AD3D0129F52CD600BE3A01 /* Views */ = {
			isa = PBXGroup;
			children = (
				46AD3CD129F4DF3B00BE3A01 /* PortSelection.swift */,
				46AD3D0229F52D0800BE3A01 /* LogsView.swift */,
			);
			path = Views;
			sourceTree = "<group>";
		};
/* End PBXGroup section */

/* Begin PBXNativeTarget section */
		46AD3CCB29F4DF3B00BE3A01 /* UILogger */ = {
			isa = PBXNativeTarget;
			buildConfigurationList = 46AD3CDB29F4DF3D00BE3A01 /* Build configuration list for PBXNativeTarget "UILogger" */;
			buildPhases = (
				46AD3CC829F4DF3B00BE3A01 /* Sources */,
				46AD3CC929F4DF3B00BE3A01 /* Frameworks */,
				46AD3CCA29F4DF3B00BE3A01 /* Resources */,
			);
			buildRules = (
			);
			dependencies = (
			);
			name = UILogger;
			packageProductDependencies = (
				46AD3CDF29F4DFE700BE3A01 /* SocketIO */,
			);
			productName = UILogger;
			productReference = 46AD3CCC29F4DF3B00BE3A01 /* UILogger.app */;
			productType = "com.apple.product-type.application";
		};
/* End PBXNativeTarget section */

/* Begin PBXProject section */
		46AD3CC429F4DF3B00BE3A01 /* Project object */ = {
			isa = PBXProject;
			attributes = {
				BuildIndependentTargetsInParallel = 1;
				LastSwiftUpdateCheck = 1430;
				LastUpgradeCheck = 1430;
				TargetAttributes = {
					46AD3CCB29F4DF3B00BE3A01 = {
						CreatedOnToolsVersion = 14.3;
					};
				};
			};
			buildConfigurationList = 46AD3CC729F4DF3B00BE3A01 /* Build configuration list for PBXProject "UILogger" */;
			compatibilityVersion = "Xcode 14.0";
			developmentRegion = en;
			hasScannedForEncodings = 0;
			knownRegions = (
				en,
				Base,
			);
			mainGroup = 46AD3CC329F4DF3B00BE3A01;
			packageReferences = (
				46AD3CDE29F4DFE700BE3A01 /* XCRemoteSwiftPackageReference "socket" */,
			);
			productRefGroup = 46AD3CCD29F4DF3B00BE3A01 /* Products */;
			projectDirPath = "";
			projectRoot = "";
			targets = (
				46AD3CCB29F4DF3B00BE3A01 /* UILogger */,
			);
		};
/* End PBXProject section */

/* Begin PBXResourcesBuildPhase section */
		46AD3CCA29F4DF3B00BE3A01 /* Resources */ = {
			isa = PBXResourcesBuildPhase;
			buildActionMask = 2147483647;
			files = (
				4652469C29F5DD9700DF117C /* Info.plist in Resources */,
				46AD3CD429F4DF3D00BE3A01 /* Assets.xcassets in Resources */,
			);
			runOnlyForDeploymentPostprocessing = 0;
		};
/* End PBXResourcesBuildPhase section */

/* Begin PBXSourcesBuildPhase section */
		46AD3CC829F4DF3B00BE3A01 /* Sources */ = {
			isa = PBXSourcesBuildPhase;
			buildActionMask = 2147483647;
			files = (
				46AD3CD229F4DF3B00BE3A01 /* PortSelection.swift in Sources */,
				46AD3CF929F5242700BE3A01 /* Bundle+Ext.swift in Sources */,
				46AD3CE929F4E5C500BE3A01 /* JSONParser.swift in Sources */,
				46AD3D0529F5961C00BE3A01 /* DeviceLogView.swift in Sources */,
				46AD3CFD29F524E400BE3A01 /* Device.swift in Sources */,
				46AD3CEE29F4E5F900BE3A01 /* JSONTreeView.swift in Sources */,
				46AD3CD029F4DF3B00BE3A01 /* UILoggerApp.swift in Sources */,
				46AD3CEB29F4E5D700BE3A01 /* TreeNode.swift in Sources */,
				46AD3CF629F51C0D00BE3A01 /* LogStore.swift in Sources */,
				46AD3D0329F52D0800BE3A01 /* LogsView.swift in Sources */,
				46AD3CFF29F524F300BE3A01 /* LogModel.swift in Sources */,
				46AD3CF229F513AF00BE3A01 /* WebServer.swift in Sources */,
			);
			runOnlyForDeploymentPostprocessing = 0;
		};
/* End PBXSourcesBuildPhase section */

/* Begin XCBuildConfiguration section */
		46AD3CD929F4DF3D00BE3A01 /* Debug */ = {
			isa = XCBuildConfiguration;
			buildSettings = {
				ALWAYS_SEARCH_USER_PATHS = NO;
				CLANG_ANALYZER_NONNULL = YES;
				CLANG_ANALYZER_NUMBER_OBJECT_CONVERSION = YES_AGGRESSIVE;
				CLANG_CXX_LANGUAGE_STANDARD = "gnu++20";
				CLANG_ENABLE_MODULES = YES;
				CLANG_ENABLE_OBJC_ARC = YES;
				CLANG_ENABLE_OBJC_WEAK = YES;
				CLANG_WARN_BLOCK_CAPTURE_AUTORELEASING = YES;
				CLANG_WARN_BOOL_CONVERSION = YES;
				CLANG_WARN_COMMA = YES;
				CLANG_WARN_CONSTANT_CONVERSION = YES;
				CLANG_WARN_DEPRECATED_OBJC_IMPLEMENTATIONS = YES;
				CLANG_WARN_DIRECT_OBJC_ISA_USAGE = YES_ERROR;
				CLANG_WARN_DOCUMENTATION_COMMENTS = YES;
				CLANG_WARN_EMPTY_BODY = YES;
				CLANG_WARN_ENUM_CONVERSION = YES;
				CLANG_WARN_INFINITE_RECURSION = YES;
				CLANG_WARN_INT_CONVERSION = YES;
				CLANG_WARN_NON_LITERAL_NULL_CONVERSION = YES;
				CLANG_WARN_OBJC_IMPLICIT_RETAIN_SELF = YES;
				CLANG_WARN_OBJC_LITERAL_CONVERSION = YES;
				CLANG_WARN_OBJC_ROOT_CLASS = YES_ERROR;
				CLANG_WARN_QUOTED_INCLUDE_IN_FRAMEWORK_HEADER = YES;
				CLANG_WARN_RANGE_LOOP_ANALYSIS = YES;
				CLANG_WARN_STRICT_PROTOTYPES = YES;
				CLANG_WARN_SUSPICIOUS_MOVE = YES;
				CLANG_WARN_UNGUARDED_AVAILABILITY = YES_AGGRESSIVE;
				CLANG_WARN_UNREACHABLE_CODE = YES;
				CLANG_WARN__DUPLICATE_METHOD_MATCH = YES;
				COPY_PHASE_STRIP = NO;
				DEBUG_INFORMATION_FORMAT = dwarf;
				ENABLE_STRICT_OBJC_MSGSEND = YES;
				ENABLE_TESTABILITY = YES;
				GCC_C_LANGUAGE_STANDARD = gnu11;
				GCC_DYNAMIC_NO_PIC = NO;
				GCC_NO_COMMON_BLOCKS = YES;
				GCC_OPTIMIZATION_LEVEL = 0;
				GCC_PREPROCESSOR_DEFINITIONS = (
					"DEBUG=1",
					"$(inherited)",
				);
				GCC_WARN_64_TO_32_BIT_CONVERSION = YES;
				GCC_WARN_ABOUT_RETURN_TYPE = YES_ERROR;
				GCC_WARN_UNDECLARED_SELECTOR = YES;
				GCC_WARN_UNINITIALIZED_AUTOS = YES_AGGRESSIVE;
				GCC_WARN_UNUSED_FUNCTION = YES;
				GCC_WARN_UNUSED_VARIABLE = YES;
				MACOSX_DEPLOYMENT_TARGET = 13.2;
				MTL_ENABLE_DEBUG_INFO = INCLUDE_SOURCE;
				MTL_FAST_MATH = YES;
				ONLY_ACTIVE_ARCH = YES;
				SDKROOT = macosx;
				SWIFT_ACTIVE_COMPILATION_CONDITIONS = DEBUG;
				SWIFT_OPTIMIZATION_LEVEL = "-Onone";
			};
			name = Debug;
		};
		46AD3CDA29F4DF3D00BE3A01 /* Release */ = {
			isa = XCBuildConfiguration;
			buildSettings = {
				ALWAYS_SEARCH_USER_PATHS = NO;
				CLANG_ANALYZER_NONNULL = YES;
				CLANG_ANALYZER_NUMBER_OBJECT_CONVERSION = YES_AGGRESSIVE;
				CLANG_CXX_LANGUAGE_STANDARD = "gnu++20";
				CLANG_ENABLE_MODULES = YES;
				CLANG_ENABLE_OBJC_ARC = YES;
				CLANG_ENABLE_OBJC_WEAK = YES;
				CLANG_WARN_BLOCK_CAPTURE_AUTORELEASING = YES;
				CLANG_WARN_BOOL_CONVERSION = YES;
				CLANG_WARN_COMMA = YES;
				CLANG_WARN_CONSTANT_CONVERSION = YES;
				CLANG_WARN_DEPRECATED_OBJC_IMPLEMENTATIONS = YES;
				CLANG_WARN_DIRECT_OBJC_ISA_USAGE = YES_ERROR;
				CLANG_WARN_DOCUMENTATION_COMMENTS = YES;
				CLANG_WARN_EMPTY_BODY = YES;
				CLANG_WARN_ENUM_CONVERSION = YES;
				CLANG_WARN_INFINITE_RECURSION = YES;
				CLANG_WARN_INT_CONVERSION = YES;
				CLANG_WARN_NON_LITERAL_NULL_CONVERSION = YES;
				CLANG_WARN_OBJC_IMPLICIT_RETAIN_SELF = YES;
				CLANG_WARN_OBJC_LITERAL_CONVERSION = YES;
				CLANG_WARN_OBJC_ROOT_CLASS = YES_ERROR;
				CLANG_WARN_QUOTED_INCLUDE_IN_FRAMEWORK_HEADER = YES;
				CLANG_WARN_RANGE_LOOP_ANALYSIS = YES;
				CLANG_WARN_STRICT_PROTOTYPES = YES;
				CLANG_WARN_SUSPICIOUS_MOVE = YES;
				CLANG_WARN_UNGUARDED_AVAILABILITY = YES_AGGRESSIVE;
				CLANG_WARN_UNREACHABLE_CODE = YES;
				CLANG_WARN__DUPLICATE_METHOD_MATCH = YES;
				COPY_PHASE_STRIP = NO;
				DEBUG_INFORMATION_FORMAT = "dwarf-with-dsym";
				ENABLE_NS_ASSERTIONS = NO;
				ENABLE_STRICT_OBJC_MSGSEND = YES;
				GCC_C_LANGUAGE_STANDARD = gnu11;
				GCC_NO_COMMON_BLOCKS = YES;
				GCC_WARN_64_TO_32_BIT_CONVERSION = YES;
				GCC_WARN_ABOUT_RETURN_TYPE = YES_ERROR;
				GCC_WARN_UNDECLARED_SELECTOR = YES;
				GCC_WARN_UNINITIALIZED_AUTOS = YES_AGGRESSIVE;
				GCC_WARN_UNUSED_FUNCTION = YES;
				GCC_WARN_UNUSED_VARIABLE = YES;
				MACOSX_DEPLOYMENT_TARGET = 13.2;
				MTL_ENABLE_DEBUG_INFO = NO;
				MTL_FAST_MATH = YES;
				SDKROOT = macosx;
				SWIFT_COMPILATION_MODE = wholemodule;
				SWIFT_OPTIMIZATION_LEVEL = "-O";
			};
			name = Release;
		};
		46AD3CDC29F4DF3D00BE3A01 /* Debug */ = {
			isa = XCBuildConfiguration;
			buildSettings = {
				ASSETCATALOG_COMPILER_APPICON_NAME = AppIcon;
				ASSETCATALOG_COMPILER_GLOBAL_ACCENT_COLOR_NAME = AccentColor;
				CODE_SIGN_ENTITLEMENTS = UILogger/UILogger.entitlements;
				CODE_SIGN_STYLE = Automatic;
				COMBINE_HIDPI_IMAGES = YES;
				CURRENT_PROJECT_VERSION = 1;
				DEVELOPMENT_TEAM = JGA4594YWM;
				ENABLE_HARDENED_RUNTIME = YES;
				ENABLE_PREVIEWS = YES;
				GENERATE_INFOPLIST_FILE = YES;
				INFOPLIST_FILE = UILogger/Info.plist;
				INFOPLIST_KEY_CFBundleDisplayName = "UI Logger";
				INFOPLIST_KEY_NSHumanReadableCopyright = "";
				LD_RUNPATH_SEARCH_PATHS = (
					"$(inherited)",
					"@executable_path/../Frameworks",
				);
				MACOSX_DEPLOYMENT_TARGET = 13.0;
				MARKETING_VERSION = 1.0;
				PRODUCT_BUNDLE_IDENTIFIER = com.poikus.UILogger;
				PRODUCT_NAME = "$(TARGET_NAME)";
				SWIFT_EMIT_LOC_STRINGS = YES;
				SWIFT_VERSION = 5.0;
			};
			name = Debug;
		};
		46AD3CDD29F4DF3D00BE3A01 /* Release */ = {
			isa = XCBuildConfiguration;
			buildSettings = {
				ASSETCATALOG_COMPILER_APPICON_NAME = AppIcon;
				ASSETCATALOG_COMPILER_GLOBAL_ACCENT_COLOR_NAME = AccentColor;
				CODE_SIGN_ENTITLEMENTS = UILogger/UILogger.entitlements;
				CODE_SIGN_STYLE = Automatic;
				COMBINE_HIDPI_IMAGES = YES;
				CURRENT_PROJECT_VERSION = 1;
				DEVELOPMENT_TEAM = JGA4594YWM;
				ENABLE_HARDENED_RUNTIME = YES;
				ENABLE_PREVIEWS = YES;
				GENERATE_INFOPLIST_FILE = YES;
				INFOPLIST_FILE = UILogger/Info.plist;
				INFOPLIST_KEY_CFBundleDisplayName = "UI Logger";
				INFOPLIST_KEY_NSHumanReadableCopyright = "";
				LD_RUNPATH_SEARCH_PATHS = (
					"$(inherited)",
					"@executable_path/../Frameworks",
				);
				MACOSX_DEPLOYMENT_TARGET = 13.0;
				MARKETING_VERSION = 1.0;
				PRODUCT_BUNDLE_IDENTIFIER = com.poikus.UILogger;
				PRODUCT_NAME = "$(TARGET_NAME)";
				SWIFT_EMIT_LOC_STRINGS = YES;
				SWIFT_VERSION = 5.0;
			};
			name = Release;
		};
/* End XCBuildConfiguration section */

/* Begin XCConfigurationList section */
		46AD3CC729F4DF3B00BE3A01 /* Build configuration list for PBXProject "UILogger" */ = {
			isa = XCConfigurationList;
			buildConfigurations = (
				46AD3CD929F4DF3D00BE3A01 /* Debug */,
				46AD3CDA29F4DF3D00BE3A01 /* Release */,
			);
			defaultConfigurationIsVisible = 0;
			defaultConfigurationName = Release;
		};
		46AD3CDB29F4DF3D00BE3A01 /* Build configuration list for PBXNativeTarget "UILogger" */ = {
			isa = XCConfigurationList;
			buildConfigurations = (
				46AD3CDC29F4DF3D00BE3A01 /* Debug */,
				46AD3CDD29F4DF3D00BE3A01 /* Release */,
			);
			defaultConfigurationIsVisible = 0;
			defaultConfigurationName = Release;
		};
/* End XCConfigurationList section */

/* Begin XCRemoteSwiftPackageReference section */
		46AD3CDE29F4DFE700BE3A01 /* XCRemoteSwiftPackageReference "socket" */ = {
			isa = XCRemoteSwiftPackageReference;
			repositoryURL = "https://github.com/socketio/socket.io-client-swift";
			requirement = {
				branch = master;
				kind = branch;
			};
		};
/* End XCRemoteSwiftPackageReference section */

/* Begin XCSwiftPackageProductDependency section */
		46AD3CDF29F4DFE700BE3A01 /* SocketIO */ = {
			isa = XCSwiftPackageProductDependency;
			package = 46AD3CDE29F4DFE700BE3A01 /* XCRemoteSwiftPackageReference "socket" */;
			productName = SocketIO;
		};
/* End XCSwiftPackageProductDependency section */
	};
	rootObject = 46AD3CC429F4DF3B00BE3A01 /* Project object */;
}
